
Microsoft Visual Studio Solution File, Format Version 12.00
# Visual Studio Version 17
VisualStudioVersion = 17.5.002.0
MinimumVisualStudioVersion = 10.0.40219.1
Project("{9A19103F-16F7-4668-BE54-9A1E7A4F7556}") = "Teste01_Academia", "Teste01_Academia\Teste01_Academia.csproj", "{BE9FFBDF-4484-4C95-AF0D-A6895843CA89}"
EndProject
Global
	GlobalSection(SolutionConfigurationPlatforms) = preSolution
		Debug|Any CPU = Debug|Any CPU
		Release|Any CPU = Release|Any CPU
	EndGlobalSection
	GlobalSection(ProjectConfigurationPlatforms) = postSolution
		{BE9FFBDF-4484-4C95-AF0D-A6895843CA89}.Debug|Any CPU.ActiveCfg = Debug|Any CPU
		{BE9FFBDF-4484-4C95-AF0D-A6895843CA89}.Debug|Any CPU.Build.0 = Debug|Any CPU
		{BE9FFBDF-4484-4C95-AF0D-A6895843CA89}.Release|Any CPU.ActiveCfg = Release|Any CPU
		{BE9FFBDF-4484-4C95-AF0D-A6895843CA89}.Release|Any CPU.Build.0 = Release|Any CPU
	EndGlobalSection
	GlobalSection(SolutionProperties) = preSolution
		HideSolutionNode = FALSE
	EndGlobalSection
	GlobalSection(ExtensibilityGlobals) = postSolution
		SolutionGuid = {8F81DD86-8BC1-43CA-ABB7-A486D99A69E5}
	EndGlobalSection
EndGlobal
